
Microsoft Visual Studio Solution File, Format Version 12.00
# Visual Studio Version 16
VisualStudioVersion = 16.0.30204.135
MinimumVisualStudioVersion = 10.0.40219.1
Project("{FAE04EC0-301F-11D3-BF4B-00C04F79EFBC}") = "Djeciji vrtic", "Djeciji vrtic\Djeciji vrtic.csproj", "{2B22CC1A-DC5C-43DF-ABC9-A2605CA03534}"
EndProject
Global
	GlobalSection(SolutionConfigurationPlatforms) = preSolution
		Debug|Any CPU = Debug|Any CPU
		Release|Any CPU = Release|Any CPU
	EndGlobalSection
	GlobalSection(ProjectConfigurationPlatforms) = postSolution
		{2B22CC1A-DC5C-43DF-ABC9-A2605CA03534}.Debug|Any CPU.ActiveCfg = Debug|Any CPU
		{2B22CC1A-DC5C-43DF-ABC9-A2605CA03534}.Debug|Any CPU.Build.0 = Debug|Any CPU
		{2B22CC1A-DC5C-43DF-ABC9-A2605CA03534}.Release|Any CPU.ActiveCfg = Release|Any CPU
		{2B22CC1A-DC5C-43DF-ABC9-A2605CA03534}.Release|Any CPU.Build.0 = Release|Any CPU
	EndGlobalSection
	GlobalSection(SolutionProperties) = preSolution
		HideSolutionNode = FALSE
	EndGlobalSection
	GlobalSection(ExtensibilityGlobals) = postSolution
		SolutionGuid = {D6680053-3A9F-4335-BFF9-FA2365BAA456}
	EndGlobalSection
EndGlobal
